// !$*UTF8*$!
{
	archiveVersion = 1;
	classes = {
	};
	objectVersion = 52;
	objects = {

/* Begin PBXBuildFile section */
		6E805D7B22AD650D0051A999 /* App.swift in Sources */ = {isa = PBXBuildFile; fileRef = 6E805D7A22AD650D0051A999 /* App.swift */; };
		6E805D7F22AD650E0051A999 /* CentralList.swift in Sources */ = {isa = PBXBuildFile; fileRef = 6E805D7E22AD650E0051A999 /* CentralList.swift */; };
		6E805D8122AD651F0051A999 /* Assets.xcassets in Resources */ = {isa = PBXBuildFile; fileRef = 6E805D8022AD651F0051A999 /* Assets.xcassets */; };
		6E805D8422AD651F0051A999 /* Preview Assets.xcassets in Resources */ = {isa = PBXBuildFile; fileRef = 6E805D8322AD651F0051A999 /* Preview Assets.xcassets */; };
		6E805D8722AD65200051A999 /* LaunchScreen.storyboard in Resources */ = {isa = PBXBuildFile; fileRef = 6E805D8522AD651F0051A999 /* LaunchScreen.storyboard */; };
		6E805D9022AD66C80051A999 /* GATT in Frameworks */ = {isa = PBXBuildFile; productRef = 6E805D8F22AD66C80051A999 /* GATT */; };
		6E805D9222AD66C80051A999 /* DarwinGATT in Frameworks */ = {isa = PBXBuildFile; productRef = 6E805D9122AD66C80051A999 /* DarwinGATT */; };
		6E805D9C22AD6ACB0051A999 /* Store.swift in Sources */ = {isa = PBXBuildFile; fileRef = 6E805D9B22AD6ACB0051A999 /* Store.swift */; };
		6E805D9E22AD6FDB0051A999 /* Central.swift in Sources */ = {isa = PBXBuildFile; fileRef = 6E805D9D22AD6FDB0051A999 /* Central.swift */; };
/* End PBXBuildFile section */

/* Begin PBXFileReference section */
		6E805D7722AD650C0051A999 /* BluetoothExplorer.app */ = {isa = PBXFileReference; explicitFileType = wrapper.application; includeInIndex = 0; path = BluetoothExplorer.app; sourceTree = BUILT_PRODUCTS_DIR; };
		6E805D7A22AD650D0051A999 /* App.swift */ = {isa = PBXFileReference; lastKnownFileType = sourcecode.swift; path = App.swift; sourceTree = "<group>"; };
		6E805D7E22AD650E0051A999 /* CentralList.swift */ = {isa = PBXFileReference; lastKnownFileType = sourcecode.swift; path = CentralList.swift; sourceTree = "<group>"; };
		6E805D8022AD651F0051A999 /* Assets.xcassets */ = {isa = PBXFileReference; lastKnownFileType = folder.assetcatalog; path = Assets.xcassets; sourceTree = "<group>"; };
		6E805D8322AD651F0051A999 /* Preview Assets.xcassets */ = {isa = PBXFileReference; lastKnownFileType = folder.assetcatalog; path = "Preview Assets.xcassets"; sourceTree = "<group>"; };
		6E805D8622AD651F0051A999 /* Base */ = {isa = PBXFileReference; lastKnownFileType = file.storyboard; name = Base; path = Base.lproj/LaunchScreen.storyboard; sourceTree = "<group>"; };
		6E805D8822AD65200051A999 /* Info.plist */ = {isa = PBXFileReference; lastKnownFileType = text.plist.xml; path = Info.plist; sourceTree = "<group>"; };
		6E805D9B22AD6ACB0051A999 /* Store.swift */ = {isa = PBXFileReference; lastKnownFileType = sourcecode.swift; path = Store.swift; sourceTree = "<group>"; };
		6E805D9D22AD6FDB0051A999 /* Central.swift */ = {isa = PBXFileReference; lastKnownFileType = sourcecode.swift; path = Central.swift; sourceTree = "<group>"; };
		6EFD66A4272F62D50089E8AC /* BluetoothExplorer.entitlements */ = {isa = PBXFileReference; lastKnownFileType = text.plist.entitlements; path = BluetoothExplorer.entitlements; sourceTree = "<group>"; };
/* End PBXFileReference section */

/* Begin PBXFrameworksBuildPhase section */
		6E805D7422AD650C0051A999 /* Frameworks */ = {
			isa = PBXFrameworksBuildPhase;
			buildActionMask = 2147483647;
			files = (
				6E805D9022AD66C80051A999 /* GATT in Frameworks */,
				6E805D9222AD66C80051A999 /* DarwinGATT in Frameworks */,
			);
			runOnlyForDeploymentPostprocessing = 0;
		};
/* End PBXFrameworksBuildPhase section */

/* Begin PBXGroup section */
		6E805D6E22AD650C0051A999 = {
			isa = PBXGroup;
			children = (
				6E805D7922AD650C0051A999 /* BluetoothExplorer */,
				6E805D7822AD650C0051A999 /* Products */,
			);
			sourceTree = "<group>";
		};
		6E805D7822AD650C0051A999 /* Products */ = {
			isa = PBXGroup;
			children = (
				6E805D7722AD650C0051A999 /* BluetoothExplorer.app */,
			);
			name = Products;
			sourceTree = "<group>";
		};
		6E805D7922AD650C0051A999 /* BluetoothExplorer */ = {
			isa = PBXGroup;
			children = (
				6EFD66A4272F62D50089E8AC /* BluetoothExplorer.entitlements */,
				6E805D7A22AD650D0051A999 /* App.swift */,
				6EFD66A3272F07B80089E8AC /* Model */,
				6EFD66A2272F07B20089E8AC /* Views */,
				6E805D8022AD651F0051A999 /* Assets.xcassets */,
				6E805D8522AD651F0051A999 /* LaunchScreen.storyboard */,
				6E805D8822AD65200051A999 /* Info.plist */,
				6E805D8222AD651F0051A999 /* Preview Content */,
			);
			path = BluetoothExplorer;
			sourceTree = "<group>";
		};
		6E805D8222AD651F0051A999 /* Preview Content */ = {
			isa = PBXGroup;
			children = (
				6E805D8322AD651F0051A999 /* Preview Assets.xcassets */,
			);
			path = "Preview Content";
			sourceTree = "<group>";
		};
		6EFD66A2272F07B20089E8AC /* Views */ = {
			isa = PBXGroup;
			children = (
				6E805D7E22AD650E0051A999 /* CentralList.swift */,
			);
			path = Views;
			sourceTree = "<group>";
		};
		6EFD66A3272F07B80089E8AC /* Model */ = {
			isa = PBXGroup;
			children = (
				6E805D9B22AD6ACB0051A999 /* Store.swift */,
				6E805D9D22AD6FDB0051A999 /* Central.swift */,
			);
			path = Model;
			sourceTree = "<group>";
		};
/* End PBXGroup section */

/* Begin PBXNativeTarget section */
		6E805D7622AD650C0051A999 /* BluetoothExplorer */ = {
			isa = PBXNativeTarget;
			buildConfigurationList = 6E805D8B22AD65200051A999 /* Build configuration list for PBXNativeTarget "BluetoothExplorer" */;
			buildPhases = (
				6E805D7322AD650C0051A999 /* Sources */,
				6E805D7422AD650C0051A999 /* Frameworks */,
				6E805D7522AD650C0051A999 /* Resources */,
			);
			buildRules = (
			);
			dependencies = (
			);
			name = BluetoothExplorer;
			packageProductDependencies = (
				6E805D8F22AD66C80051A999 /* GATT */,
				6E805D9122AD66C80051A999 /* DarwinGATT */,
			);
			productName = BluetoothExplorer;
			productReference = 6E805D7722AD650C0051A999 /* BluetoothExplorer.app */;
			productType = "com.apple.product-type.application";
		};
/* End PBXNativeTarget section */

/* Begin PBXProject section */
		6E805D6F22AD650C0051A999 /* Project object */ = {
			isa = PBXProject;
			attributes = {
				LastSwiftUpdateCheck = 1100;
				LastUpgradeCheck = 1310;
				ORGANIZATIONNAME = "Alsey Coleman Miller";
				TargetAttributes = {
					6E805D7622AD650C0051A999 = {
						CreatedOnToolsVersion = 11.0;
					};
				};
			};
			buildConfigurationList = 6E805D7222AD650C0051A999 /* Build configuration list for PBXProject "BluetoothExplorer" */;
			compatibilityVersion = "Xcode 9.3";
			developmentRegion = en;
			hasScannedForEncodings = 0;
			knownRegions = (
				en,
				Base,
			);
			mainGroup = 6E805D6E22AD650C0051A999;
			packageReferences = (
				6E805D8E22AD66C60051A999 /* XCRemoteSwiftPackageReference "GATT" */,
			);
			productRefGroup = 6E805D7822AD650C0051A999 /* Products */;
			projectDirPath = "";
			projectRoot = "";
			targets = (
				6E805D7622AD650C0051A999 /* BluetoothExplorer */,
			);
		};
/* End PBXProject section */

/* Begin PBXResourcesBuildPhase section */
		6E805D7522AD650C0051A999 /* Resources */ = {
			isa = PBXResourcesBuildPhase;
			buildActionMask = 2147483647;
			files = (
				6E805D8722AD65200051A999 /* LaunchScreen.storyboard in Resources */,
				6E805D8422AD651F0051A999 /* Preview Assets.xcassets in Resources */,
				6E805D8122AD651F0051A999 /* Assets.xcassets in Resources */,
			);
			runOnlyForDeploymentPostprocessing = 0;
		};
/* End PBXResourcesBuildPhase section */

/* Begin PBXSourcesBuildPhase section */
		6E805D7322AD650C0051A999 /* Sources */ = {
			isa = PBXSourcesBuildPhase;
			buildActionMask = 2147483647;
			files = (
				6E805D7B22AD650D0051A999 /* App.swift in Sources */,
				6E805D9E22AD6FDB0051A999 /* Central.swift in Sources */,
				6E805D7F22AD650E0051A999 /* CentralList.swift in Sources */,
				6E805D9C22AD6ACB0051A999 /* Store.swift in Sources */,
			);
			runOnlyForDeploymentPostprocessing = 0;
		};
/* End PBXSourcesBuildPhase section */

/* Begin PBXVariantGroup section */
		6E805D8522AD651F0051A999 /* LaunchScreen.storyboard */ = {
			isa = PBXVariantGroup;
			children = (
				6E805D8622AD651F0051A999 /* Base */,
			);
			name = LaunchScreen.storyboard;
			sourceTree = "<group>";
		};
/* End PBXVariantGroup section */

/* Begin XCBuildConfiguration section */
		6E805D8922AD65200051A999 /* Debug */ = {
			isa = XCBuildConfiguration;
			buildSettings = {
				ALWAYS_SEARCH_USER_PATHS = NO;
				CLANG_ANALYZER_NONNULL = YES;
				CLANG_ANALYZER_NUMBER_OBJECT_CONVERSION = YES_AGGRESSIVE;
				CLANG_CXX_LANGUAGE_STANDARD = "gnu++14";
				CLANG_CXX_LIBRARY = "libc++";
				CLANG_ENABLE_MODULES = YES;
				CLANG_ENABLE_OBJC_ARC = YES;
				CLANG_ENABLE_OBJC_WEAK = YES;
				CLANG_WARN_BLOCK_CAPTURE_AUTORELEASING = YES;
				CLANG_WARN_BOOL_CONVERSION = YES;
				CLANG_WARN_COMMA = YES;
				CLANG_WARN_CONSTANT_CONVERSION = YES;
				CLANG_WARN_DEPRECATED_OBJC_IMPLEMENTATIONS = YES;
				CLANG_WARN_DIRECT_OBJC_ISA_USAGE = YES_ERROR;
				CLANG_WARN_DOCUMENTATION_COMMENTS = YES;
				CLANG_WARN_EMPTY_BODY = YES;
				CLANG_WARN_ENUM_CONVERSION = YES;
				CLANG_WARN_INFINITE_RECURSION = YES;
				CLANG_WARN_INT_CONVERSION = YES;
				CLANG_WARN_NON_LITERAL_NULL_CONVERSION = YES;
				CLANG_WARN_OBJC_IMPLICIT_RETAIN_SELF = YES;
				CLANG_WARN_OBJC_LITERAL_CONVERSION = YES;
				CLANG_WARN_OBJC_ROOT_CLASS = YES_ERROR;
				CLANG_WARN_QUOTED_INCLUDE_IN_FRAMEWORK_HEADER = YES;
				CLANG_WARN_RANGE_LOOP_ANALYSIS = YES;
				CLANG_WARN_STRICT_PROTOTYPES = YES;
				CLANG_WARN_SUSPICIOUS_MOVE = YES;
				CLANG_WARN_UNGUARDED_AVAILABILITY = YES_AGGRESSIVE;
				CLANG_WARN_UNREACHABLE_CODE = YES;
				CLANG_WARN__DUPLICATE_METHOD_MATCH = YES;
				COPY_PHASE_STRIP = NO;
				DEBUG_INFORMATION_FORMAT = dwarf;
				ENABLE_STRICT_OBJC_MSGSEND = YES;
				ENABLE_TESTABILITY = YES;
				GCC_C_LANGUAGE_STANDARD = gnu11;
				GCC_DYNAMIC_NO_PIC = NO;
				GCC_NO_COMMON_BLOCKS = YES;
				GCC_OPTIMIZATION_LEVEL = 0;
				GCC_PREPROCESSOR_DEFINITIONS = (
					"DEBUG=1",
					"$(inherited)",
				);
				GCC_WARN_64_TO_32_BIT_CONVERSION = YES;
				GCC_WARN_ABOUT_RETURN_TYPE = YES_ERROR;
				GCC_WARN_UNDECLARED_SELECTOR = YES;
				GCC_WARN_UNINITIALIZED_AUTOS = YES_AGGRESSIVE;
				GCC_WARN_UNUSED_FUNCTION = YES;
				GCC_WARN_UNUSED_VARIABLE = YES;
				IPHONEOS_DEPLOYMENT_TARGET = 15.0;
				MTL_ENABLE_DEBUG_INFO = INCLUDE_SOURCE;
				MTL_FAST_MATH = YES;
				ONLY_ACTIVE_ARCH = YES;
				SDKROOT = iphoneos;
				SWIFT_ACTIVE_COMPILATION_CONDITIONS = DEBUG;
				SWIFT_OPTIMIZATION_LEVEL = "-Onone";
			};
			name = Debug;
		};
		6E805D8A22AD65200051A999 /* Release */ = {
			isa = XCBuildConfiguration;
			buildSettings = {
				ALWAYS_SEARCH_USER_PATHS = NO;
				CLANG_ANALYZER_NONNULL = YES;
				CLANG_ANALYZER_NUMBER_OBJECT_CONVERSION = YES_AGGRESSIVE;
				CLANG_CXX_LANGUAGE_STANDARD = "gnu++14";
				CLANG_CXX_LIBRARY = "libc++";
				CLANG_ENABLE_MODULES = YES;
				CLANG_ENABLE_OBJC_ARC = YES;
				CLANG_ENABLE_OBJC_WEAK = YES;
				CLANG_WARN_BLOCK_CAPTURE_AUTORELEASING = YES;
				CLANG_WARN_BOOL_CONVERSION = YES;
				CLANG_WARN_COMMA = YES;
				CLANG_WARN_CONSTANT_CONVERSION = YES;
				CLANG_WARN_DEPRECATED_OBJC_IMPLEMENTATIONS = YES;
				CLANG_WARN_DIRECT_OBJC_ISA_USAGE = YES_ERROR;
				CLANG_WARN_DOCUMENTATION_COMMENTS = YES;
				CLANG_WARN_EMPTY_BODY = YES;
				CLANG_WARN_ENUM_CONVERSION = YES;
				CLANG_WARN_INFINITE_RECURSION = YES;
				CLANG_WARN_INT_CONVERSION = YES;
				CLANG_WARN_NON_LITERAL_NULL_CONVERSION = YES;
				CLANG_WARN_OBJC_IMPLICIT_RETAIN_SELF = YES;
				CLANG_WARN_OBJC_LITERAL_CONVERSION = YES;
				CLANG_WARN_OBJC_ROOT_CLASS = YES_ERROR;
				CLANG_WARN_QUOTED_INCLUDE_IN_FRAMEWORK_HEADER = YES;
				CLANG_WARN_RANGE_LOOP_ANALYSIS = YES;
				CLANG_WARN_STRICT_PROTOTYPES = YES;
				CLANG_WARN_SUSPICIOUS_MOVE = YES;
				CLANG_WARN_UNGUARDED_AVAILABILITY = YES_AGGRESSIVE;
				CLANG_WARN_UNREACHABLE_CODE = YES;
				CLANG_WARN__DUPLICATE_METHOD_MATCH = YES;
				COPY_PHASE_STRIP = NO;
				DEBUG_INFORMATION_FORMAT = "dwarf-with-dsym";
				ENABLE_NS_ASSERTIONS = NO;
				ENABLE_STRICT_OBJC_MSGSEND = YES;
				GCC_C_LANGUAGE_STANDARD = gnu11;
				GCC_NO_COMMON_BLOCKS = YES;
				GCC_WARN_64_TO_32_BIT_CONVERSION = YES;
				GCC_WARN_ABOUT_RETURN_TYPE = YES_ERROR;
				GCC_WARN_UNDECLARED_SELECTOR = YES;
				GCC_WARN_UNINITIALIZED_AUTOS = YES_AGGRESSIVE;
				GCC_WARN_UNUSED_FUNCTION = YES;
				GCC_WARN_UNUSED_VARIABLE = YES;
				IPHONEOS_DEPLOYMENT_TARGET = 15.0;
				MTL_ENABLE_DEBUG_INFO = NO;
				MTL_FAST_MATH = YES;
				SDKROOT = iphoneos;
				SWIFT_COMPILATION_MODE = wholemodule;
				SWIFT_OPTIMIZATION_LEVEL = "-O";
				VALIDATE_PRODUCT = YES;
			};
			name = Release;
		};
		6E805D8C22AD65200051A999 /* Debug */ = {
			isa = XCBuildConfiguration;
			buildSettings = {
				ASSETCATALOG_COMPILER_APPICON_NAME = AppIcon;
				CODE_SIGN_ENTITLEMENTS = BluetoothExplorer/BluetoothExplorer.entitlements;
				CODE_SIGN_STYLE = Automatic;
				DEVELOPMENT_ASSET_PATHS = "BluetoothExplorer/Preview\\ Content";
				DEVELOPMENT_TEAM = DGYBYARDK9;
				ENABLE_PREVIEWS = YES;
				INFOPLIST_FILE = BluetoothExplorer/Info.plist;
				LD_RUNPATH_SEARCH_PATHS = (
					"$(inherited)",
					"@executable_path/Frameworks",
				);
				PRODUCT_BUNDLE_IDENTIFIER = org.pureswift.BluetoothExplorer;
				PRODUCT_NAME = "$(TARGET_NAME)";
				SUPPORTS_MACCATALYST = YES;
				SUPPORTS_MAC_DESIGNED_FOR_IPHONE_IPAD = NO;
				SWIFT_VERSION = 5.0;
				TARGETED_DEVICE_FAMILY = "1,2,6";
			};
			name = Debug;
		};
		6E805D8D22AD65200051A999 /* Release */ = {
			isa = XCBuildConfiguration;
			buildSettings = {
				ASSETCATALOG_COMPILER_APPICON_NAME = AppIcon;
				CODE_SIGN_ENTITLEMENTS = BluetoothExplorer/BluetoothExplorer.entitlements;
				CODE_SIGN_STYLE = Automatic;
				DEVELOPMENT_ASSET_PATHS = "BluetoothExplorer/Preview\\ Content";
				DEVELOPMENT_TEAM = DGYBYARDK9;
				ENABLE_PREVIEWS = YES;
				INFOPLIST_FILE = BluetoothExplorer/Info.plist;
				LD_RUNPATH_SEARCH_PATHS = (
					"$(inherited)",
					"@executable_path/Frameworks",
				);
				PRODUCT_BUNDLE_IDENTIFIER = org.pureswift.BluetoothExplorer;
				PRODUCT_NAME = "$(TARGET_NAME)";
				SUPPORTS_MACCATALYST = YES;
				SUPPORTS_MAC_DESIGNED_FOR_IPHONE_IPAD = NO;
				SWIFT_VERSION = 5.0;
				TARGETED_DEVICE_FAMILY = "1,2,6";
			};
			name = Release;
		};
/* End XCBuildConfiguration section */

/* Begin XCConfigurationList section */
		6E805D7222AD650C0051A999 /* Build configuration list for PBXProject "BluetoothExplorer" */ = {
			isa = XCConfigurationList;
			buildConfigurations = (
				6E805D8922AD65200051A999 /* Debug */,
				6E805D8A22AD65200051A999 /* Release */,
			);
			defaultConfigurationIsVisible = 0;
			defaultConfigurationName = Release;
		};
		6E805D8B22AD65200051A999 /* Build configuration list for PBXNativeTarget "BluetoothExplorer" */ = {
			isa = XCConfigurationList;
			buildConfigurations = (
				6E805D8C22AD65200051A999 /* Debug */,
				6E805D8D22AD65200051A999 /* Release */,
			);
			defaultConfigurationIsVisible = 0;
			defaultConfigurationName = Release;
		};
/* End XCConfigurationList section */

/* Begin XCRemoteSwiftPackageReference section */
		6E805D8E22AD66C60051A999 /* XCRemoteSwiftPackageReference "GATT" */ = {
			isa = XCRemoteSwiftPackageReference;
			repositoryURL = "https://github.com/PureSwift/GATT.git";
			requirement = {
				branch = feature/async;
				kind = branch;
			};
		};
/* End XCRemoteSwiftPackageReference section */

/* Begin XCSwiftPackageProductDependency section */
		6E805D8F22AD66C80051A999 /* GATT */ = {
			isa = XCSwiftPackageProductDependency;
			package = 6E805D8E22AD66C60051A999 /* XCRemoteSwiftPackageReference "GATT" */;
			productName = GATT;
		};
		6E805D9122AD66C80051A999 /* DarwinGATT */ = {
			isa = XCSwiftPackageProductDependency;
			package = 6E805D8E22AD66C60051A999 /* XCRemoteSwiftPackageReference "GATT" */;
			productName = DarwinGATT;
		};
/* End XCSwiftPackageProductDependency section */
	};
	rootObject = 6E805D6F22AD650C0051A999 /* Project object */;
}
