{
  "pins" : [
    {
      "identity" : "android",
      "kind" : "remoteSourceControl",
      "location" : "https://github.com/PureSwift/Android.git",
      "state" : {
        "branch" : "master",
        "revision" : "f00c184a7f8f66acad8d58b85c4f64bd89ff423a"
      }
    },
    {
      "identity" : "androidbluetooth",
      "kind" : "remoteSourceControl",
      "location" : "https://github.com/PureSwift/AndroidBluetooth.git",
      "state" : {
        "branch" : "master",
        "revision" : "1060ec56432a8e87ed0fdc679718233c92fa3506"
      }
    },
    {
      "identity" : "anycodable",
      "kind" : "remoteSourceControl",
      "location" : "https://github.com/PureSwift/AnyCodable.git",
      "state" : {
        "branch" : "master",
        "revision" : "8a76e18827e16765d234650d849c1c47a8e3edf2"
      }
    },
    {
      "identity" : "bluetooth",
      "kind" : "remoteSourceControl",
      "location" : "https://github.com/PureSwift/Bluetooth.git",
      "state" : {
        "revision" : "d493bd427c95913ea1f78091384dfa5321ac8593",
        "version" : "6.2.2"
      }
    },
    {
      "identity" : "cjavavm",
      "kind" : "remoteSourceControl",
      "location" : "https://github.com/PureSwift/CJavaVM.git",
      "state" : {
        "branch" : "master",
        "revision" : "3b19893aa50a724c467d341c482087c30323b190"
      }
    },
    {
      "identity" : "gatt",
      "kind" : "remoteSourceControl",
      "location" : "https://github.com/PureSwift/GATT.git",
      "state" : {
        "branch" : "master",
        "revision" : "0bf40a7e52cfed3d8740b0a1fea776f9f338aa9c"
      }
    },
    {
      "identity" : "java_lang",
      "kind" : "remoteSourceControl",
      "location" : "https://github.com/PureSwift/java_lang.git",
      "state" : {
        "branch" : "master",
        "revision" : "71188f8a81d641f80da2135037a336b9bddbe988"
      }
    },
    {
      "identity" : "java_swift",
      "kind" : "remoteSourceControl",
      "location" : "https://github.com/PureSwift/java_swift.git",
      "state" : {
        "branch" : "master",
        "revision" : "e6b10cc6cdc82a8b31f84f2c390ccf8f20ea4369"
      }
    },
    {
      "identity" : "java_util",
      "kind" : "remoteSourceControl",
      "location" : "https://github.com/PureSwift/java_util.git",
      "state" : {
        "branch" : "master",
        "revision" : "b4240b5ec498d2edde73b579f2ade0dbf821a2ac"
      }
    },
    {
      "identity" : "javacoder",
      "kind" : "remoteSourceControl",
      "location" : "https://github.com/PureSwift/JavaCoder.git",
      "state" : {
        "branch" : "master",
        "revision" : "4b46425644f5aa424893f15705ee88c08b1d5030"
      }
    },
    {
      "identity" : "jni",
      "kind" : "remoteSourceControl",
      "location" : "https://github.com/PureSwift/JNI.git",
      "state" : {
        "branch" : "master",
        "revision" : "a2901c1b7b9f1dad967517b63502174a40f4cc9b"
      }
    }
  ],
  "version" : 2
}
