{
  "pins" : [
    {
      "identity" : "bluetooth",
      "kind" : "remoteSourceControl",
      "location" : "https://github.com/PureSwift/Bluetooth.git",
      "state" : {
        "revision" : "d493bd427c95913ea1f78091384dfa5321ac8593",
        "version" : "6.2.2"
      }
    },
    {
      "identity" : "gatt",
      "kind" : "remoteSourceControl",
      "location" : "https://github.com/PureSwift/GATT.git",
      "state" : {
        "revision" : "0fae18058831665fdde3bc671c6ab6c2624fc46c",
        "version" : "3.0.5"
      }
    }
  ],
  "version" : 2
}
