{
  "pins" : [
    {
      "identity" : "bluetooth",
      "kind" : "remoteSourceControl",
      "location" : "https://github.com/PureSwift/Bluetooth.git",
      "state" : {
        "revision" : "d493bd427c95913ea1f78091384dfa5321ac8593",
        "version" : "6.2.2"
      }
    },
    {
      "identity" : "gatt",
      "kind" : "remoteSourceControl",
      "location" : "https://github.com/PureSwift/GATT.git",
      "state" : {
        "revision" : "1c73155186f93402cf20bc9798e224e56bffd8f5",
        "version" : "3.0.4"
      }
    }
  ],
  "version" : 2
}
