{
  "object": {
    "pins": [
      {
        "package": "Bluetooth",
        "repositoryURL": "https://github.com/PureSwift/Bluetooth.git",
        "state": {
          "branch": "master",
          "revision": "f15e8883382742cc3fe8dfbe8520f361771dcda8",
          "version": null
        }
      },
      {
        "package": "GATT",
        "repositoryURL": "https://github.com/PureSwift/GATT.git",
        "state": {
          "branch": "feature/async",
          "revision": "3824ee3a4e6f542913e6f37a3c52405f6fc278fe",
          "version": null
        }
      }
    ]
  },
  "version": 1
}
