{
  "pins" : [
    {
      "identity" : "bluetooth",
      "kind" : "remoteSourceControl",
      "location" : "https://github.com/PureSwift/Bluetooth.git",
      "state" : {
        "revision" : "88943f1edfd9868e6339852ab3a9e6d61e077287",
        "version" : "6.3.1"
      }
    },
    {
      "identity" : "gatt",
      "kind" : "remoteSourceControl",
      "location" : "https://github.com/PureSwift/GATT.git",
      "state" : {
        "revision" : "0903392d99073cf1ca8429a1f9381a0a28616074",
        "version" : "3.1.1"
      }
    }
  ],
  "version" : 2
}
