{
  "pins" : [
    {
      "identity" : "bluetooth",
      "kind" : "remoteSourceControl",
      "location" : "https://github.com/PureSwift/Bluetooth.git",
      "state" : {
        "revision" : "0e1e2527835a72df5cb27ca0d0566770813cb327",
        "version" : "6.3.0"
      }
    },
    {
      "identity" : "gatt",
      "kind" : "remoteSourceControl",
      "location" : "https://github.com/PureSwift/GATT.git",
      "state" : {
        "revision" : "e96654aefeaa8fba58d926c31d220b4e6acb4ba6",
        "version" : "3.1.0"
      }
    }
  ],
  "version" : 2
}
